
Microsoft Visual Studio Solution File, Format Version 12.00
# Visual Studio Version 16
VisualStudioVersion = 16.0.30621.155
MinimumVisualStudioVersion = 10.0.40219.1
Project("{FAE04EC0-301F-11D3-BF4B-00C04F79EFBC}") = "Cinema", "Cinema\Cinema.csproj", "{371080B4-20B9-457A-BF70-8E5B128741E3}"
EndProject
Global
	GlobalSection(SolutionConfigurationPlatforms) = preSolution
		Debug|Any CPU = Debug|Any CPU
		Release|Any CPU = Release|Any CPU
	EndGlobalSection
	GlobalSection(ProjectConfigurationPlatforms) = postSolution
		{371080B4-20B9-457A-BF70-8E5B128741E3}.Debug|Any CPU.ActiveCfg = Debug|Any CPU
		{371080B4-20B9-457A-BF70-8E5B128741E3}.Debug|Any CPU.Build.0 = Debug|Any CPU
		{371080B4-20B9-457A-BF70-8E5B128741E3}.Release|Any CPU.ActiveCfg = Release|Any CPU
		{371080B4-20B9-457A-BF70-8E5B128741E3}.Release|Any CPU.Build.0 = Release|Any CPU
	EndGlobalSection
	GlobalSection(SolutionProperties) = preSolution
		HideSolutionNode = FALSE
	EndGlobalSection
	GlobalSection(ExtensibilityGlobals) = postSolution
		SolutionGuid = {C825C488-FFAB-4898-8A98-57CAC440B923}
	EndGlobalSection
EndGlobal
